
Microsoft Visual Studio Solution File, Format Version 12.00
# Visual Studio Version 16
VisualStudioVersion = 16.0.30804.86
MinimumVisualStudioVersion = 10.0.40219.1
Project("{FAE04EC0-301F-11D3-BF4B-00C04F79EFBC}") = "Blog", "Blog.csproj", "{DFB1E877-9995-485D-878B-02505258C037}"
EndProject
Global
	GlobalSection(SolutionConfigurationPlatforms) = preSolution
		Debug|Any CPU = Debug|Any CPU
		Release|Any CPU = Release|Any CPU
	EndGlobalSection
	GlobalSection(ProjectConfigurationPlatforms) = postSolution
		{DFB1E877-9995-485D-878B-02505258C037}.Debug|Any CPU.ActiveCfg = Debug|Any CPU
		{DFB1E877-9995-485D-878B-02505258C037}.Debug|Any CPU.Build.0 = Debug|Any CPU
		{DFB1E877-9995-485D-878B-02505258C037}.Release|Any CPU.ActiveCfg = Release|Any CPU
		{DFB1E877-9995-485D-878B-02505258C037}.Release|Any CPU.Build.0 = Release|Any CPU
	EndGlobalSection
	GlobalSection(SolutionProperties) = preSolution
		HideSolutionNode = FALSE
	EndGlobalSection
	GlobalSection(ExtensibilityGlobals) = postSolution
		SolutionGuid = {870CF72B-1554-40BF-A6A0-2B82D19287CF}
	EndGlobalSection
EndGlobal
